// !$*UTF8*$!
{
	archiveVersion = 1;
	classes = {
	};
	objectVersion = 48;
	objects = {

/* Begin PBXBuildFile section */
		6546250D1EFEC588009D902E /* main.swift in Sources */ = {isa = PBXBuildFile; fileRef = 6546250C1EFEC588009D902E /* main.swift */; };
		65C5BDF11F124BA40064EBBF /* SwiftObject.swift in Sources */ = {isa = PBXBuildFile; fileRef = 65C5BDF01F124BA40064EBBF /* SwiftObject.swift */; };
		65C5BDF31F1253A90064EBBF /* JSONType.swift in Sources */ = {isa = PBXBuildFile; fileRef = 65C5BDF21F1253A90064EBBF /* JSONType.swift */; };
		65FAE4851F1242EA00495812 /* SwiftStruct.swift in Sources */ = {isa = PBXBuildFile; fileRef = 65FAE4841F1242EA00495812 /* SwiftStruct.swift */; };
		65FAE4871F12430A00495812 /* SwiftProperty.swift in Sources */ = {isa = PBXBuildFile; fileRef = 65FAE4861F12430A00495812 /* SwiftProperty.swift */; };
		65FAE4891F12432500495812 /* SwiftType.swift in Sources */ = {isa = PBXBuildFile; fileRef = 65FAE4881F12432500495812 /* SwiftType.swift */; };
		65FAE48B1F12435A00495812 /* SwiftEnum.swift in Sources */ = {isa = PBXBuildFile; fileRef = 65FAE48A1F12435A00495812 /* SwiftEnum.swift */; };
		65FAE48D1F12438F00495812 /* String+Parsing.swift in Sources */ = {isa = PBXBuildFile; fileRef = 65FAE48C1F12438F00495812 /* String+Parsing.swift */; };
		65FAE48F1F1243A600495812 /* String+Swift.swift in Sources */ = {isa = PBXBuildFile; fileRef = 65FAE48E1F1243A600495812 /* String+Swift.swift */; };
		65FAE4931F1243CC00495812 /* SwiftCodeLine.swift in Sources */ = {isa = PBXBuildFile; fileRef = 65FAE4921F1243CC00495812 /* SwiftCodeLine.swift */; };
/* End PBXBuildFile section */

/* Begin PBXCopyFilesBuildPhase section */
		654625071EFEC588009D902E /* CopyFiles */ = {
			isa = PBXCopyFilesBuildPhase;
			buildActionMask = 2147483647;
			dstPath = /usr/share/man/man1/;
			dstSubfolderSpec = 0;
			files = (
			);
			runOnlyForDeploymentPostprocessing = 1;
		};
/* End PBXCopyFilesBuildPhase section */

/* Begin PBXFileReference section */
		654625091EFEC588009D902E /* CodableGenerator */ = {isa = PBXFileReference; explicitFileType = "compiled.mach-o.executable"; includeInIndex = 0; path = CodableGenerator; sourceTree = BUILT_PRODUCTS_DIR; };
		6546250C1EFEC588009D902E /* main.swift */ = {isa = PBXFileReference; lastKnownFileType = sourcecode.swift; path = main.swift; sourceTree = "<group>"; };
		65C5BDF01F124BA40064EBBF /* SwiftObject.swift */ = {isa = PBXFileReference; lastKnownFileType = sourcecode.swift; path = SwiftObject.swift; sourceTree = "<group>"; };
		65C5BDF21F1253A90064EBBF /* JSONType.swift */ = {isa = PBXFileReference; lastKnownFileType = sourcecode.swift; path = JSONType.swift; sourceTree = "<group>"; };
		65FAE4841F1242EA00495812 /* SwiftStruct.swift */ = {isa = PBXFileReference; lastKnownFileType = sourcecode.swift; path = SwiftStruct.swift; sourceTree = "<group>"; };
		65FAE4861F12430A00495812 /* SwiftProperty.swift */ = {isa = PBXFileReference; lastKnownFileType = sourcecode.swift; path = SwiftProperty.swift; sourceTree = "<group>"; };
		65FAE4881F12432500495812 /* SwiftType.swift */ = {isa = PBXFileReference; lastKnownFileType = sourcecode.swift; path = SwiftType.swift; sourceTree = "<group>"; };
		65FAE48A1F12435A00495812 /* SwiftEnum.swift */ = {isa = PBXFileReference; lastKnownFileType = sourcecode.swift; path = SwiftEnum.swift; sourceTree = "<group>"; };
		65FAE48C1F12438F00495812 /* String+Parsing.swift */ = {isa = PBXFileReference; lastKnownFileType = sourcecode.swift; path = "String+Parsing.swift"; sourceTree = "<group>"; };
		65FAE48E1F1243A600495812 /* String+Swift.swift */ = {isa = PBXFileReference; lastKnownFileType = sourcecode.swift; path = "String+Swift.swift"; sourceTree = "<group>"; };
		65FAE4921F1243CC00495812 /* SwiftCodeLine.swift */ = {isa = PBXFileReference; lastKnownFileType = sourcecode.swift; path = SwiftCodeLine.swift; sourceTree = "<group>"; };
/* End PBXFileReference section */

/* Begin PBXFrameworksBuildPhase section */
		654625061EFEC588009D902E /* Frameworks */ = {
			isa = PBXFrameworksBuildPhase;
			buildActionMask = 2147483647;
			files = (
			);
			runOnlyForDeploymentPostprocessing = 0;
		};
/* End PBXFrameworksBuildPhase section */

/* Begin PBXGroup section */
		654625001EFEC587009D902E = {
			isa = PBXGroup;
			children = (
				6546250B1EFEC588009D902E /* CodableGenerator */,
				6546250A1EFEC588009D902E /* Products */,
			);
			sourceTree = "<group>";
		};
		6546250A1EFEC588009D902E /* Products */ = {
			isa = PBXGroup;
			children = (
				654625091EFEC588009D902E /* CodableGenerator */,
			);
			name = Products;
			sourceTree = "<group>";
		};
		6546250B1EFEC588009D902E /* CodableGenerator */ = {
			isa = PBXGroup;
			children = (
				6546250C1EFEC588009D902E /* main.swift */,
				65C5BDF21F1253A90064EBBF /* JSONType.swift */,
				65FAE4911F1243BB00495812 /* Extensions */,
				65FAE4901F1243B400495812 /* Swift */,
			);
			path = CodableGenerator;
			sourceTree = "<group>";
		};
		65FAE4901F1243B400495812 /* Swift */ = {
			isa = PBXGroup;
			children = (
				65C5BDF01F124BA40064EBBF /* SwiftObject.swift */,
				65FAE4861F12430A00495812 /* SwiftProperty.swift */,
				65FAE4881F12432500495812 /* SwiftType.swift */,
				65FAE4841F1242EA00495812 /* SwiftStruct.swift */,
				65FAE48A1F12435A00495812 /* SwiftEnum.swift */,
				65FAE4921F1243CC00495812 /* SwiftCodeLine.swift */,
			);
			path = Swift;
			sourceTree = "<group>";
		};
		65FAE4911F1243BB00495812 /* Extensions */ = {
			isa = PBXGroup;
			children = (
				65FAE48C1F12438F00495812 /* String+Parsing.swift */,
				65FAE48E1F1243A600495812 /* String+Swift.swift */,
			);
			path = Extensions;
			sourceTree = "<group>";
		};
/* End PBXGroup section */

/* Begin PBXNativeTarget section */
		654625081EFEC588009D902E /* CodableGenerator */ = {
			isa = PBXNativeTarget;
			buildConfigurationList = 654625101EFEC588009D902E /* Build configuration list for PBXNativeTarget "CodableGenerator" */;
			buildPhases = (
				654625051EFEC588009D902E /* Sources */,
				654625061EFEC588009D902E /* Frameworks */,
				654625071EFEC588009D902E /* CopyFiles */,
			);
			buildRules = (
			);
			dependencies = (
			);
			name = CodableGenerator;
			productName = CodableGenerator;
			productReference = 654625091EFEC588009D902E /* CodableGenerator */;
			productType = "com.apple.product-type.tool";
		};
/* End PBXNativeTarget section */

/* Begin PBXProject section */
		654625011EFEC587009D902E /* Project object */ = {
			isa = PBXProject;
			attributes = {
				LastSwiftUpdateCheck = 0900;
				LastUpgradeCheck = 0900;
				ORGANIZATIONNAME = "Dylan Lewis";
				TargetAttributes = {
					654625081EFEC588009D902E = {
						CreatedOnToolsVersion = 9.0;
					};
				};
			};
			buildConfigurationList = 654625041EFEC587009D902E /* Build configuration list for PBXProject "CodableGenerator" */;
			compatibilityVersion = "Xcode 8.0";
			developmentRegion = en;
			hasScannedForEncodings = 0;
			knownRegions = (
				en,
			);
			mainGroup = 654625001EFEC587009D902E;
			productRefGroup = 6546250A1EFEC588009D902E /* Products */;
			projectDirPath = "";
			projectRoot = "";
			targets = (
				654625081EFEC588009D902E /* CodableGenerator */,
			);
		};
/* End PBXProject section */

/* Begin PBXSourcesBuildPhase section */
		654625051EFEC588009D902E /* Sources */ = {
			isa = PBXSourcesBuildPhase;
			buildActionMask = 2147483647;
			files = (
				65FAE4851F1242EA00495812 /* SwiftStruct.swift in Sources */,
				65FAE48B1F12435A00495812 /* SwiftEnum.swift in Sources */,
				65FAE48F1F1243A600495812 /* String+Swift.swift in Sources */,
				65FAE4891F12432500495812 /* SwiftType.swift in Sources */,
				65C5BDF11F124BA40064EBBF /* SwiftObject.swift in Sources */,
				65C5BDF31F1253A90064EBBF /* JSONType.swift in Sources */,
				65FAE48D1F12438F00495812 /* String+Parsing.swift in Sources */,
				65FAE4871F12430A00495812 /* SwiftProperty.swift in Sources */,
				65FAE4931F1243CC00495812 /* SwiftCodeLine.swift in Sources */,
				6546250D1EFEC588009D902E /* main.swift in Sources */,
			);
			runOnlyForDeploymentPostprocessing = 0;
		};
/* End PBXSourcesBuildPhase section */

/* Begin XCBuildConfiguration section */
		6546250E1EFEC588009D902E /* Debug */ = {
			isa = XCBuildConfiguration;
			buildSettings = {
				ALWAYS_SEARCH_USER_PATHS = NO;
				CLANG_ANALYZER_NONNULL = YES;
				CLANG_ANALYZER_NUMBER_OBJECT_CONVERSION = YES_AGGRESSIVE;
				CLANG_CXX_LANGUAGE_STANDARD = "gnu++14";
				CLANG_CXX_LIBRARY = "libc++";
				CLANG_ENABLE_MODULES = YES;
				CLANG_ENABLE_OBJC_ARC = YES;
				CLANG_WARN_BLOCK_CAPTURE_AUTORELEASING = YES;
				CLANG_WARN_BOOL_CONVERSION = YES;
				CLANG_WARN_COMMA = YES;
				CLANG_WARN_CONSTANT_CONVERSION = YES;
				CLANG_WARN_DIRECT_OBJC_ISA_USAGE = YES_ERROR;
				CLANG_WARN_DOCUMENTATION_COMMENTS = YES;
				CLANG_WARN_EMPTY_BODY = YES;
				CLANG_WARN_ENUM_CONVERSION = YES;
				CLANG_WARN_INFINITE_RECURSION = YES;
				CLANG_WARN_INT_CONVERSION = YES;
				CLANG_WARN_OBJC_ROOT_CLASS = YES_ERROR;
				CLANG_WARN_RANGE_LOOP_ANALYSIS = YES;
				CLANG_WARN_STRICT_PROTOTYPES = YES;
				CLANG_WARN_SUSPICIOUS_MOVE = YES;
				CLANG_WARN_UNGUARDED_AVAILABILITY = YES_AGGRESSIVE;
				CLANG_WARN_UNREACHABLE_CODE = YES;
				CLANG_WARN__DUPLICATE_METHOD_MATCH = YES;
				CODE_SIGN_IDENTITY = "Mac Developer";
				COPY_PHASE_STRIP = NO;
				DEBUG_INFORMATION_FORMAT = dwarf;
				ENABLE_STRICT_OBJC_MSGSEND = YES;
				ENABLE_TESTABILITY = YES;
				GCC_C_LANGUAGE_STANDARD = gnu11;
				GCC_DYNAMIC_NO_PIC = NO;
				GCC_NO_COMMON_BLOCKS = YES;
				GCC_OPTIMIZATION_LEVEL = 0;
				GCC_PREPROCESSOR_DEFINITIONS = (
					"DEBUG=1",
					"$(inherited)",
				);
				GCC_WARN_64_TO_32_BIT_CONVERSION = YES;
				GCC_WARN_ABOUT_RETURN_TYPE = YES_ERROR;
				GCC_WARN_UNDECLARED_SELECTOR = YES;
				GCC_WARN_UNINITIALIZED_AUTOS = YES_AGGRESSIVE;
				GCC_WARN_UNUSED_FUNCTION = YES;
				GCC_WARN_UNUSED_VARIABLE = YES;
				MACOSX_DEPLOYMENT_TARGET = 10.12;
				MTL_ENABLE_DEBUG_INFO = YES;
				ONLY_ACTIVE_ARCH = YES;
				SDKROOT = macosx;
				SWIFT_ACTIVE_COMPILATION_CONDITIONS = DEBUG;
				SWIFT_OPTIMIZATION_LEVEL = "-Onone";
			};
			name = Debug;
		};
		6546250F1EFEC588009D902E /* Release */ = {
			isa = XCBuildConfiguration;
			buildSettings = {
				ALWAYS_SEARCH_USER_PATHS = NO;
				CLANG_ANALYZER_NONNULL = YES;
				CLANG_ANALYZER_NUMBER_OBJECT_CONVERSION = YES_AGGRESSIVE;
				CLANG_CXX_LANGUAGE_STANDARD = "gnu++14";
				CLANG_CXX_LIBRARY = "libc++";
				CLANG_ENABLE_MODULES = YES;
				CLANG_ENABLE_OBJC_ARC = YES;
				CLANG_WARN_BLOCK_CAPTURE_AUTORELEASING = YES;
				CLANG_WARN_BOOL_CONVERSION = YES;
				CLANG_WARN_COMMA = YES;
				CLANG_WARN_CONSTANT_CONVERSION = YES;
				CLANG_WARN_DIRECT_OBJC_ISA_USAGE = YES_ERROR;
				CLANG_WARN_DOCUMENTATION_COMMENTS = YES;
				CLANG_WARN_EMPTY_BODY = YES;
				CLANG_WARN_ENUM_CONVERSION = YES;
				CLANG_WARN_INFINITE_RECURSION = YES;
				CLANG_WARN_INT_CONVERSION = YES;
				CLANG_WARN_OBJC_ROOT_CLASS = YES_ERROR;
				CLANG_WARN_RANGE_LOOP_ANALYSIS = YES;
				CLANG_WARN_STRICT_PROTOTYPES = YES;
				CLANG_WARN_SUSPICIOUS_MOVE = YES;
				CLANG_WARN_UNGUARDED_AVAILABILITY = YES_AGGRESSIVE;
				CLANG_WARN_UNREACHABLE_CODE = YES;
				CLANG_WARN__DUPLICATE_METHOD_MATCH = YES;
				CODE_SIGN_IDENTITY = "Mac Developer";
				COPY_PHASE_STRIP = NO;
				DEBUG_INFORMATION_FORMAT = "dwarf-with-dsym";
				ENABLE_NS_ASSERTIONS = NO;
				ENABLE_STRICT_OBJC_MSGSEND = YES;
				GCC_C_LANGUAGE_STANDARD = gnu11;
				GCC_NO_COMMON_BLOCKS = YES;
				GCC_WARN_64_TO_32_BIT_CONVERSION = YES;
				GCC_WARN_ABOUT_RETURN_TYPE = YES_ERROR;
				GCC_WARN_UNDECLARED_SELECTOR = YES;
				GCC_WARN_UNINITIALIZED_AUTOS = YES_AGGRESSIVE;
				GCC_WARN_UNUSED_FUNCTION = YES;
				GCC_WARN_UNUSED_VARIABLE = YES;
				MACOSX_DEPLOYMENT_TARGET = 10.12;
				MTL_ENABLE_DEBUG_INFO = NO;
				SDKROOT = macosx;
				SWIFT_OPTIMIZATION_LEVEL = "-Owholemodule";
			};
			name = Release;
		};
		654625111EFEC588009D902E /* Debug */ = {
			isa = XCBuildConfiguration;
			buildSettings = {
				DEVELOPMENT_TEAM = 5D6MUHPE98;
				PRODUCT_NAME = "$(TARGET_NAME)";
				SWIFT_VERSION = 4.0;
			};
			name = Debug;
		};
		654625121EFEC588009D902E /* Release */ = {
			isa = XCBuildConfiguration;
			buildSettings = {
				DEVELOPMENT_TEAM = 5D6MUHPE98;
				PRODUCT_NAME = "$(TARGET_NAME)";
				SWIFT_VERSION = 4.0;
			};
			name = Release;
		};
/* End XCBuildConfiguration section */

/* Begin XCConfigurationList section */
		654625041EFEC587009D902E /* Build configuration list for PBXProject "CodableGenerator" */ = {
			isa = XCConfigurationList;
			buildConfigurations = (
				6546250E1EFEC588009D902E /* Debug */,
				6546250F1EFEC588009D902E /* Release */,
			);
			defaultConfigurationIsVisible = 0;
			defaultConfigurationName = Release;
		};
		654625101EFEC588009D902E /* Build configuration list for PBXNativeTarget "CodableGenerator" */ = {
			isa = XCConfigurationList;
			buildConfigurations = (
				654625111EFEC588009D902E /* Debug */,
				654625121EFEC588009D902E /* Release */,
			);
			defaultConfigurationIsVisible = 0;
			defaultConfigurationName = Release;
		};
/* End XCConfigurationList section */
	};
	rootObject = 654625011EFEC587009D902E /* Project object */;
}
